<?xml version="1.0" encoding="utf-8"?>
<Project ToolsVersion="4.0" xmlns="http://schemas.microsoft.com/developer/msbuild/2003">
  <ItemGroup>
    <Filter Include="inc">
      <UniqueIdentifier>{f221a012-f823-4de5-aba6-a83b7f58c9fb}</UniqueIdentifier>
    </Filter>
    <Filter Include="src">
      <UniqueIdentifier>{b79a12b6-fc56-46d2-a31f-d184f8dd8b07}</UniqueIdentifier>
    </Filter>
  </ItemGroup>
  <ItemGroup>
    <ClCompile Include="ProjectHelloWorld.c">
      <Filter>src</Filter>
    </ClCompile>
  </ItemGroup>
  <ItemGroup>
    <ClInclude Include="..\..\threadx\ports\win32\vs_2019\inc\tx_port.h">
      <Filter>inc</Filter>
    </ClInclude>
    <ClInclude Include="..\..\threadx\common\inc\tx_api.h">
      <Filter>inc</Filter>
    </ClInclude>
  </ItemGroup>
</Project>