<?xml version="1.0" encoding="utf-8"?>
<Project ToolsVersion="4.0" xmlns="http://schemas.microsoft.com/developer/msbuild/2003">
  <ItemGroup>
    <Filter Include="inc">
      <UniqueIdentifier>{ed0a09d2-7a10-4987-b0ee-f6e18a5988d2}</UniqueIdentifier>
    </Filter>
    <Filter Include="src">
      <UniqueIdentifier>{f889d068-736e-4ba3-896a-1b59a2a0aa83}</UniqueIdentifier>
    </Filter>
  </ItemGroup>
  <ItemGroup>
    <ClCompile Include="ProjectAnalyze.c">
      <Filter>src</Filter>
    </ClCompile>
  </ItemGroup>
  <ItemGroup>
    <ClInclude Include="..\..\threadx\common\inc\tx_api.h">
      <Filter>inc</Filter>
    </ClInclude>
    <ClInclude Include="..\..\threadx\ports\win32\vs_2019\inc\tx_port.h">
      <Filter>inc</Filter>
    </ClInclude>
  </ItemGroup>
</Project>