<?xml version="1.0" encoding="utf-8"?>
<Project ToolsVersion="4.0" xmlns="http://schemas.microsoft.com/developer/msbuild/2003">
  <ItemGroup>
    <Filter Include="inc">
      <UniqueIdentifier>{65297982-19e0-4915-8804-823f3fb1f83f}</UniqueIdentifier>
    </Filter>
    <Filter Include="src">
      <UniqueIdentifier>{fc21b95b-e717-4233-a44e-284f3b7da3f9}</UniqueIdentifier>
    </Filter>
  </ItemGroup>
  <ItemGroup>
    <ClCompile Include="ProjectEventChaining.c">
      <Filter>src</Filter>
    </ClCompile>
  </ItemGroup>
  <ItemGroup>
    <ClInclude Include="..\..\threadx\common\inc\tx_api.h">
      <Filter>inc</Filter>
    </ClInclude>
    <ClInclude Include="..\..\threadx\ports\win32\vs_2019\inc\tx_port.h">
      <Filter>inc</Filter>
    </ClInclude>
  </ItemGroup>
</Project>