<?xml version="1.0" encoding="utf-8"?>
<Project ToolsVersion="4.0" xmlns="http://schemas.microsoft.com/developer/msbuild/2003">
  <ItemGroup>
    <Filter Include="inc">
      <UniqueIdentifier>{ec1be6a1-c740-467d-a8f5-93a0d1dec350}</UniqueIdentifier>
    </Filter>
    <Filter Include="src">
      <UniqueIdentifier>{ed941f03-6689-4176-90c3-f9bc1533cdf4}</UniqueIdentifier>
    </Filter>
  </ItemGroup>
  <ItemGroup>
    <ClCompile Include="13_case_study.c">
      <Filter>src</Filter>
    </ClCompile>
  </ItemGroup>
</Project>